
Microsoft Visual Studio Solution File, Format Version 12.00
# Visual Studio Version 17
VisualStudioVersion = 17.14.36127.28 d17.14
MinimumVisualStudioVersion = 10.0.40219.1
Project("{FAE04EC0-301F-11D3-BF4B-00C04F79EFBC}") = "Data", "Data\Data.csproj", "{BF89A861-066F-41B7-A1B6-D34A6EAE7C8D}"
EndProject
Project("{FAE04EC0-301F-11D3-BF4B-00C04F79EFBC}") = "Api", "Api\Api.csproj", "{B5E29C51-36BF-4B7E-A41A-FE95ABE8314D}"
EndProject
Project("{FAE04EC0-301F-11D3-BF4B-00C04F79EFBC}") = "Mvc", "Mvc\Mvc.csproj", "{99FE7836-C4C2-4850-80E8-6261D4A65103}"
EndProject
Global
	GlobalSection(SolutionConfigurationPlatforms) = preSolution
		Debug|Any CPU = Debug|Any CPU
		Release|Any CPU = Release|Any CPU
	EndGlobalSection
	GlobalSection(ProjectConfigurationPlatforms) = postSolution
		{BF89A861-066F-41B7-A1B6-D34A6EAE7C8D}.Debug|Any CPU.ActiveCfg = Debug|Any CPU
		{BF89A861-066F-41B7-A1B6-D34A6EAE7C8D}.Debug|Any CPU.Build.0 = Debug|Any CPU
		{BF89A861-066F-41B7-A1B6-D34A6EAE7C8D}.Release|Any CPU.ActiveCfg = Release|Any CPU
		{BF89A861-066F-41B7-A1B6-D34A6EAE7C8D}.Release|Any CPU.Build.0 = Release|Any CPU
		{B5E29C51-36BF-4B7E-A41A-FE95ABE8314D}.Debug|Any CPU.ActiveCfg = Debug|Any CPU
		{B5E29C51-36BF-4B7E-A41A-FE95ABE8314D}.Debug|Any CPU.Build.0 = Debug|Any CPU
		{B5E29C51-36BF-4B7E-A41A-FE95ABE8314D}.Release|Any CPU.ActiveCfg = Release|Any CPU
		{B5E29C51-36BF-4B7E-A41A-FE95ABE8314D}.Release|Any CPU.Build.0 = Release|Any CPU
		{99FE7836-C4C2-4850-80E8-6261D4A65103}.Debug|Any CPU.ActiveCfg = Debug|Any CPU
		{99FE7836-C4C2-4850-80E8-6261D4A65103}.Debug|Any CPU.Build.0 = Debug|Any CPU
		{99FE7836-C4C2-4850-80E8-6261D4A65103}.Release|Any CPU.ActiveCfg = Release|Any CPU
		{99FE7836-C4C2-4850-80E8-6261D4A65103}.Release|Any CPU.Build.0 = Release|Any CPU
	EndGlobalSection
	GlobalSection(SolutionProperties) = preSolution
		HideSolutionNode = FALSE
	EndGlobalSection
	GlobalSection(ExtensibilityGlobals) = postSolution
		SolutionGuid = {0F5536CF-5995-4AB2-9884-36602ADD9992}
	EndGlobalSection
EndGlobal
